{
  "version": "4",
  "specifiers": {
    "jsr:@formata/stof@~0.9.6": "0.9.6",
    "jsr:@std/assert@^1.0.16": "1.0.16",
    "jsr:@std/async@*": "1.0.16",
    "jsr:@std/internal@^1.0.12": "1.0.12"
  },
  "jsr": {
    "@formata/stof@0.9.6": {
      "integrity": "d3e84f12b327aa2c590785670e82c5e64f0b90dba6900ceb7864e7c072bd73bd"
    },
    "@std/assert@1.0.16": {
      "integrity": "6a7272ed1eaa77defe76e5ff63ca705d9c495077e2d5fd0126d2b53fc5bd6532",
      "dependencies": [
        "jsr:@std/internal"
      ]
    },
    "@std/async@1.0.16": {
      "integrity": "6c9e43035313b67b5de43e2b3ee3eadb39a488a0a0a3143097f112e025d3ee9a"
    },
    "@std/internal@1.0.12": {
      "integrity": "972a634fd5bc34b242024402972cd5143eac68d8dffaca5eaa4dba30ce17b027"
    }
  },
  "workspace": {
    "dependencies": [
      "jsr:@formata/stof@~0.9.6"
    ]
  }
}
